
Microsoft Visual Studio Solution File, Format Version 12.00
# Visual Studio Version 17
VisualStudioVersion = 17.8.34330.188
MinimumVisualStudioVersion = 10.0.40219.1
Project("{FAE04EC0-301F-11D3-BF4B-00C04F79EFBC}") = "Lottie", "Lottie\Lottie.csproj", "{B2CEF3E0-5634-4D3C-A026-7D10D159192D}"
EndProject
Project("{FAE04EC0-301F-11D3-BF4B-00C04F79EFBC}") = "Bordas", "Bordas\Bordas.csproj", "{93F78989-8450-4216-BB03-2ED4D93FDBFA}"
EndProject
Project("{FAE04EC0-301F-11D3-BF4B-00C04F79EFBC}") = "ListaHorizontal", "ListaHorizontal\ListaHorizontal.csproj", "{7EA80706-464E-4C69-B877-721313DE27BA}"
EndProject
Global
	GlobalSection(SolutionConfigurationPlatforms) = preSolution
		Debug|Any CPU = Debug|Any CPU
		Release|Any CPU = Release|Any CPU
	EndGlobalSection
	GlobalSection(ProjectConfigurationPlatforms) = postSolution
		{B2CEF3E0-5634-4D3C-A026-7D10D159192D}.Debug|Any CPU.ActiveCfg = Debug|Any CPU
		{B2CEF3E0-5634-4D3C-A026-7D10D159192D}.Debug|Any CPU.Build.0 = Debug|Any CPU
		{B2CEF3E0-5634-4D3C-A026-7D10D159192D}.Debug|Any CPU.Deploy.0 = Debug|Any CPU
		{B2CEF3E0-5634-4D3C-A026-7D10D159192D}.Release|Any CPU.ActiveCfg = Release|Any CPU
		{B2CEF3E0-5634-4D3C-A026-7D10D159192D}.Release|Any CPU.Build.0 = Release|Any CPU
		{B2CEF3E0-5634-4D3C-A026-7D10D159192D}.Release|Any CPU.Deploy.0 = Release|Any CPU
		{93F78989-8450-4216-BB03-2ED4D93FDBFA}.Debug|Any CPU.ActiveCfg = Debug|Any CPU
		{93F78989-8450-4216-BB03-2ED4D93FDBFA}.Debug|Any CPU.Build.0 = Debug|Any CPU
		{93F78989-8450-4216-BB03-2ED4D93FDBFA}.Debug|Any CPU.Deploy.0 = Debug|Any CPU
		{93F78989-8450-4216-BB03-2ED4D93FDBFA}.Release|Any CPU.ActiveCfg = Release|Any CPU
		{93F78989-8450-4216-BB03-2ED4D93FDBFA}.Release|Any CPU.Build.0 = Release|Any CPU
		{93F78989-8450-4216-BB03-2ED4D93FDBFA}.Release|Any CPU.Deploy.0 = Release|Any CPU
		{7EA80706-464E-4C69-B877-721313DE27BA}.Debug|Any CPU.ActiveCfg = Debug|Any CPU
		{7EA80706-464E-4C69-B877-721313DE27BA}.Debug|Any CPU.Build.0 = Debug|Any CPU
		{7EA80706-464E-4C69-B877-721313DE27BA}.Debug|Any CPU.Deploy.0 = Debug|Any CPU
		{7EA80706-464E-4C69-B877-721313DE27BA}.Release|Any CPU.ActiveCfg = Release|Any CPU
		{7EA80706-464E-4C69-B877-721313DE27BA}.Release|Any CPU.Build.0 = Release|Any CPU
		{7EA80706-464E-4C69-B877-721313DE27BA}.Release|Any CPU.Deploy.0 = Release|Any CPU
	EndGlobalSection
	GlobalSection(SolutionProperties) = preSolution
		HideSolutionNode = FALSE
	EndGlobalSection
	GlobalSection(ExtensibilityGlobals) = postSolution
		SolutionGuid = {6313FD10-C0D4-4659-B9AB-6168F325DC13}
	EndGlobalSection
EndGlobal
